<?xml version="1.0" encoding="utf-8"?>
<Project ToolsVersion="4.0" xmlns="http://schemas.microsoft.com/developer/msbuild/2003">
  <ItemGroup>
    <Filter Include="Source Files">
      <UniqueIdentifier>{4FC737F1-C7A5-4376-A066-2A32D752A2FF}</UniqueIdentifier>
      <Extensions>cpp;c;cc;cxx;c++;cppm;ixx;def;odl;idl;hpj;bat;asm;asmx</Extensions>
    </Filter>
    <Filter Include="Header Files">
      <UniqueIdentifier>{93995380-89BD-4b04-88EB-625FBE52EBFB}</UniqueIdentifier>
      <Extensions>h;hh;hpp;hxx;h++;hm;inl;inc;ipp;xsd</Extensions>
    </Filter>
    <Filter Include="Resource Files">
      <UniqueIdentifier>{67DA6AB6-F800-4c08-8B7A-83BB121AAD01}</UniqueIdentifier>
      <Extensions>rc;ico;cur;bmp;dlg;rc2;rct;bin;rgs;gif;jpg;jpeg;jpe;resx;tiff;tif;png;wav;mfcribbon-ms</Extensions>
    </Filter>
  </ItemGroup>
  <ItemGroup>
    <ClCompile Include="src\Main.cpp">
      <Filter>Source Files</Filter>
    </ClCompile>
    <ClCompile Include="src\Utils\Utils.cpp">
      <Filter>Source Files</Filter>
    </ClCompile>
    <ClCompile Include="src\AppXPackages.cpp">
      <Filter>Source Files</Filter>
    </ClCompile>
    <ClCompile Include="src\MachineInfo.cpp">
      <Filter>Source Files</Filter>
    </ClCompile>
    <ClCompile Include="src\MsiApps.cpp">
      <Filter>Source Files</Filter>
    </ClCompile>
    <ClCompile Include="src\PrivMgmt.cpp">
      <Filter>Source Files</Filter>
    </ClCompile>
    <ClCompile Include="src\RegistryHiveLoader.cpp">
      <Filter>Source Files</Filter>
    </ClCompile>
    <ClCompile Include="src\RegistryUtils.cpp">
      <Filter>Source Files</Filter>
    </ClCompile>
    <ClCompile Include="src\UserProfiles.cpp">
      <Filter>Source Files</Filter>
    </ClCompile>
    <ClCompile Include="src\VSSSnapshot.cpp">
      <Filter>Source Files</Filter>
    </ClCompile>
    <ClCompile Include="src\Win32Apps.cpp">
      <Filter>Source Files</Filter>
    </ClCompile>
    <ClCompile Include="src\WinAppXPackages.cpp">
      <Filter>Source Files</Filter>
    </ClCompile>
    <ClCompile Include="src\Service\ServiceMain.cpp">
      <Filter>Source Files</Filter>
    </ClCompile>
    <ClCompile Include="src\Service\ServiceTamperProtection.cpp">
      <Filter>Source Files</Filter>
    </ClCompile>
    <ClCompile Include="src\Service\MachineId.cpp">
      <Filter>Source Files</Filter>
    </ClCompile>
    <ClCompile Include="src\Service\ServiceConfig.cpp">
      <Filter>Source Files</Filter>
    </ClCompile>
    <ClCompile Include="src\Service\ServiceInstaller.cpp">
      <Filter>Source Files</Filter>
    </ClCompile>
  </ItemGroup>
  <ItemGroup>
    <ClInclude Include="src\Utils\Utils.h">
      <Filter>Header Files</Filter>
    </ClInclude>
    <ClInclude Include="src\AppXPackages.h">
      <Filter>Header Files</Filter>
    </ClInclude>
    <ClInclude Include="src\MachineInfo.h">
      <Filter>Header Files</Filter>
    </ClInclude>
    <ClInclude Include="src\MsiApps.h">
      <Filter>Header Files</Filter>
    </ClInclude>
    <ClInclude Include="src\PrivMgmt.h">
      <Filter>Header Files</Filter>
    </ClInclude>
    <ClInclude Include="src\RegistryHiveLoader.h">
      <Filter>Header Files</Filter>
    </ClInclude>
    <ClInclude Include="src\RegistryUtils.h">
      <Filter>Header Files</Filter>
    </ClInclude>
    <ClInclude Include="src\UserProfiles.h">
      <Filter>Header Files</Filter>
    </ClInclude>
    <ClInclude Include="src\VSSSnapshot.h">
      <Filter>Header Files</Filter>
    </ClInclude>
    <ClInclude Include="src\Win32Apps.h">
      <Filter>Header Files</Filter>
    </ClInclude>
    <ClInclude Include="src\WinAppXPackages.h">
      <Filter>Header Files</Filter>
    </ClInclude>
    <ClInclude Include="src\WindowsEnum.h">
      <Filter>Header Files</Filter>
    </ClInclude>
    <ClInclude Include="src\Service\ServiceConfig.h">
      <Filter>Header Files</Filter>
    </ClInclude>
    <ClInclude Include="src\Service\ServiceInstaller.h">
      <Filter>Header Files</Filter>
    </ClInclude>
    <ClInclude Include="src\Service\ServiceMain.h">
      <Filter>Header Files</Filter>
    </ClInclude>
    <ClInclude Include="src\Service\ServiceTamperProtection.h">
      <Filter>Header Files</Filter>
    </ClInclude>
    <ClInclude Include="src\Service\MachineId.h">
      <Filter>Header Files</Filter>
    </ClInclude>
  </ItemGroup>
  <ItemGroup>
    <None Include="README_RUN_AS_SYSTEM.md" />
    <None Include="VSS_IMPLEMENTATION_SUMMARY.md" />
    <None Include="SECURE_TEMP_DIRECTORY_IMPROVEMENTS.md" />
    <None Include="PACKAGE_MANAGER_API_MIGRATION.md" />
    <None Include="WINRT_SETUP_INSTRUCTIONS.md" />
    <None Include=".github\copilot-instructions.md" />
    <None Include="MACHINE_ID_IMPLEMENTATION.md" />
    <None Include="IMPLEMENTATION_SUMMARY.md" />
    <None Include="QUICKSTART.md" />
    <None Include="REBUILD_INSTRUCTIONS.md" />
  </ItemGroup>
</Project>